
Microsoft Visual Studio Solution File, Format Version 12.00
# Visual Studio Version 17
VisualStudioVersion = 17.4.33110.190
MinimumVisualStudioVersion = 10.0.40219.1
Project("{9A19103F-16F7-4668-BE54-9A1E7A4F7556}") = "FixedFinalGame", "FixedFinalGame\FixedFinalGame.csproj", "{C129FEE7-896A-44DC-8EFD-A480DA60964D}"
EndProject
Project("{2150E333-8FDC-42A3-9474-1A3956D46DE8}") = "Solution Items", "Solution Items", "{68CA98EC-D6FE-4C85-BA3F-14A375EF4114}"
	ProjectSection(SolutionItems) = preProject
		DevLog.txt = DevLog.txt
	EndProjectSection
EndProject
Project("{9A19103F-16F7-4668-BE54-9A1E7A4F7556}") = "MonoGameLibrary", "MonoGameLibrary\MonoGameLibrary.csproj", "{EE5D5F4A-F938-41A3-824B-D42B78E9B6BD}"
EndProject
Global
	GlobalSection(SolutionConfigurationPlatforms) = preSolution
		Debug|Any CPU = Debug|Any CPU
		Debug|x86 = Debug|x86
		Release|Any CPU = Release|Any CPU
		Release|x86 = Release|x86
	EndGlobalSection
	GlobalSection(ProjectConfigurationPlatforms) = postSolution
		{C129FEE7-896A-44DC-8EFD-A480DA60964D}.Debug|Any CPU.ActiveCfg = Debug|Any CPU
		{C129FEE7-896A-44DC-8EFD-A480DA60964D}.Debug|Any CPU.Build.0 = Debug|Any CPU
		{C129FEE7-896A-44DC-8EFD-A480DA60964D}.Debug|x86.ActiveCfg = Debug|Any CPU
		{C129FEE7-896A-44DC-8EFD-A480DA60964D}.Debug|x86.Build.0 = Debug|Any CPU
		{C129FEE7-896A-44DC-8EFD-A480DA60964D}.Release|Any CPU.ActiveCfg = Release|Any CPU
		{C129FEE7-896A-44DC-8EFD-A480DA60964D}.Release|Any CPU.Build.0 = Release|Any CPU
		{C129FEE7-896A-44DC-8EFD-A480DA60964D}.Release|x86.ActiveCfg = Release|Any CPU
		{C129FEE7-896A-44DC-8EFD-A480DA60964D}.Release|x86.Build.0 = Release|Any CPU
		{EE5D5F4A-F938-41A3-824B-D42B78E9B6BD}.Debug|Any CPU.ActiveCfg = Debug|Any CPU
		{EE5D5F4A-F938-41A3-824B-D42B78E9B6BD}.Debug|Any CPU.Build.0 = Debug|Any CPU
		{EE5D5F4A-F938-41A3-824B-D42B78E9B6BD}.Debug|x86.ActiveCfg = Debug|Any CPU
		{EE5D5F4A-F938-41A3-824B-D42B78E9B6BD}.Debug|x86.Build.0 = Debug|Any CPU
		{EE5D5F4A-F938-41A3-824B-D42B78E9B6BD}.Release|Any CPU.ActiveCfg = Release|Any CPU
		{EE5D5F4A-F938-41A3-824B-D42B78E9B6BD}.Release|Any CPU.Build.0 = Release|Any CPU
		{EE5D5F4A-F938-41A3-824B-D42B78E9B6BD}.Release|x86.ActiveCfg = Release|Any CPU
		{EE5D5F4A-F938-41A3-824B-D42B78E9B6BD}.Release|x86.Build.0 = Release|Any CPU
	EndGlobalSection
	GlobalSection(SolutionProperties) = preSolution
		HideSolutionNode = FALSE
	EndGlobalSection
	GlobalSection(ExtensibilityGlobals) = postSolution
		SolutionGuid = {1AABCD3A-0E40-4D64-AA53-5FE48585C6AB}
	EndGlobalSection
EndGlobal
